
Microsoft Visual Studio Solution File, Format Version 12.00
# Visual Studio 2012
Project("{FAE04EC0-301F-11D3-BF4B-00C04F79EFBC}") = "Rejestratorka", "Rejestratorka\Rejestratorka.csproj", "{5D8FF25B-CE5B-4030-93D6-B22B9874801A}"
	ProjectSection(ProjectDependencies) = postProject
		{D78AB190-1053-4656-B05E-2A8AF2F9D061} = {D78AB190-1053-4656-B05E-2A8AF2F9D061}
	EndProjectSection
EndProject
Project("{FAE04EC0-301F-11D3-BF4B-00C04F79EFBC}") = "DBClient", "DBClient\DBClient.csproj", "{D78AB190-1053-4656-B05E-2A8AF2F9D061}"
EndProject
Global
	GlobalSection(SolutionConfigurationPlatforms) = preSolution
		Debug|Any CPU = Debug|Any CPU
		Release|Any CPU = Release|Any CPU
	EndGlobalSection
	GlobalSection(ProjectConfigurationPlatforms) = postSolution
		{5D8FF25B-CE5B-4030-93D6-B22B9874801A}.Debug|Any CPU.ActiveCfg = Debug|Any CPU
		{5D8FF25B-CE5B-4030-93D6-B22B9874801A}.Debug|Any CPU.Build.0 = Debug|Any CPU
		{5D8FF25B-CE5B-4030-93D6-B22B9874801A}.Release|Any CPU.ActiveCfg = Release|Any CPU
		{5D8FF25B-CE5B-4030-93D6-B22B9874801A}.Release|Any CPU.Build.0 = Release|Any CPU
		{D78AB190-1053-4656-B05E-2A8AF2F9D061}.Debug|Any CPU.ActiveCfg = Debug|Any CPU
		{D78AB190-1053-4656-B05E-2A8AF2F9D061}.Debug|Any CPU.Build.0 = Debug|Any CPU
		{D78AB190-1053-4656-B05E-2A8AF2F9D061}.Release|Any CPU.ActiveCfg = Release|Any CPU
		{D78AB190-1053-4656-B05E-2A8AF2F9D061}.Release|Any CPU.Build.0 = Release|Any CPU
	EndGlobalSection
	GlobalSection(SolutionProperties) = preSolution
		HideSolutionNode = FALSE
	EndGlobalSection
EndGlobal
