
Microsoft Visual Studio Solution File, Format Version 12.00
# Visual Studio 2012
Project("{FAE04EC0-301F-11D3-BF4B-00C04F79EFBC}") = "Lekarz", "Lekarz\Lekarz.csproj", "{F27A1AFF-465D-4679-BBA0-34360BB3B5D3}"
	ProjectSection(ProjectDependencies) = postProject
		{D78AB190-1053-4656-B05E-2A8AF2F9D061} = {D78AB190-1053-4656-B05E-2A8AF2F9D061}
	EndProjectSection
EndProject
Project("{FAE04EC0-301F-11D3-BF4B-00C04F79EFBC}") = "DBClient", "DBClient\DBClient.csproj", "{D78AB190-1053-4656-B05E-2A8AF2F9D061}"
EndProject
Global
	GlobalSection(SolutionConfigurationPlatforms) = preSolution
		Debug|Any CPU = Debug|Any CPU
		Release|Any CPU = Release|Any CPU
	EndGlobalSection
	GlobalSection(ProjectConfigurationPlatforms) = postSolution
		{F27A1AFF-465D-4679-BBA0-34360BB3B5D3}.Debug|Any CPU.ActiveCfg = Debug|Any CPU
		{F27A1AFF-465D-4679-BBA0-34360BB3B5D3}.Debug|Any CPU.Build.0 = Debug|Any CPU
		{F27A1AFF-465D-4679-BBA0-34360BB3B5D3}.Release|Any CPU.ActiveCfg = Release|Any CPU
		{F27A1AFF-465D-4679-BBA0-34360BB3B5D3}.Release|Any CPU.Build.0 = Release|Any CPU
		{D78AB190-1053-4656-B05E-2A8AF2F9D061}.Debug|Any CPU.ActiveCfg = Debug|Any CPU
		{D78AB190-1053-4656-B05E-2A8AF2F9D061}.Debug|Any CPU.Build.0 = Debug|Any CPU
		{D78AB190-1053-4656-B05E-2A8AF2F9D061}.Release|Any CPU.ActiveCfg = Release|Any CPU
		{D78AB190-1053-4656-B05E-2A8AF2F9D061}.Release|Any CPU.Build.0 = Release|Any CPU
	EndGlobalSection
	GlobalSection(SolutionProperties) = preSolution
		HideSolutionNode = FALSE
	EndGlobalSection
EndGlobal
